// !$*UTF8*$!
{
	archiveVersion = 1;
	classes = {
	};
	objectVersion = 51;
	objects = {

/* Begin PBXBuildFile section */
		B55FFE6B24BB60FF0010752D /* AppDelegate.swift in Sources */ = {isa = PBXBuildFile; fileRef = B55FFE6A24BB60FF0010752D /* AppDelegate.swift */; };
		B55FFE6D24BB60FF0010752D /* SceneDelegate.swift in Sources */ = {isa = PBXBuildFile; fileRef = B55FFE6C24BB60FF0010752D /* SceneDelegate.swift */; };
		B55FFE7024BB60FF0010752D /* ToDo.xcdatamodeld in Sources */ = {isa = PBXBuildFile; fileRef = B55FFE6E24BB60FF0010752D /* ToDo.xcdatamodeld */; };
		B55FFE7224BB60FF0010752D /* ContentView.swift in Sources */ = {isa = PBXBuildFile; fileRef = B55FFE7124BB60FF0010752D /* ContentView.swift */; };
		B55FFE7424BB61020010752D /* Assets.xcassets in Resources */ = {isa = PBXBuildFile; fileRef = B55FFE7324BB61020010752D /* Assets.xcassets */; };
		B55FFE7724BB61020010752D /* Preview Assets.xcassets in Resources */ = {isa = PBXBuildFile; fileRef = B55FFE7624BB61020010752D /* Preview Assets.xcassets */; };
		B55FFE7A24BB61020010752D /* LaunchScreen.storyboard in Resources */ = {isa = PBXBuildFile; fileRef = B55FFE7824BB61020010752D /* LaunchScreen.storyboard */; };
		B55FFE8224BB647F0010752D /* GoogleService-Info.plist in Resources */ = {isa = PBXBuildFile; fileRef = B55FFE8124BB647F0010752D /* GoogleService-Info.plist */; };
		B5955B8824BB6F03007F0F7C /* Task.swift in Sources */ = {isa = PBXBuildFile; fileRef = B5955B8724BB6F03007F0F7C /* Task.swift */; };
		B5955B8A24BB7046007F0F7C /* TaskViewModel.swift in Sources */ = {isa = PBXBuildFile; fileRef = B5955B8924BB7046007F0F7C /* TaskViewModel.swift */; };
		D472EB42E6DA806970245063 /* Pods_ToDo.framework in Frameworks */ = {isa = PBXBuildFile; fileRef = 270414C56098FC3AF4F8D5E7 /* Pods_ToDo.framework */; };
/* End PBXBuildFile section */

/* Begin PBXFileReference section */
		106F2C2B7015D625848959F1 /* Pods-ToDo.release.xcconfig */ = {isa = PBXFileReference; includeInIndex = 1; lastKnownFileType = text.xcconfig; name = "Pods-ToDo.release.xcconfig"; path = "Target Support Files/Pods-ToDo/Pods-ToDo.release.xcconfig"; sourceTree = "<group>"; };
		270414C56098FC3AF4F8D5E7 /* Pods_ToDo.framework */ = {isa = PBXFileReference; explicitFileType = wrapper.framework; includeInIndex = 0; path = Pods_ToDo.framework; sourceTree = BUILT_PRODUCTS_DIR; };
		B55FFE6724BB60FF0010752D /* ToDo.app */ = {isa = PBXFileReference; explicitFileType = wrapper.application; includeInIndex = 0; path = ToDo.app; sourceTree = BUILT_PRODUCTS_DIR; };
		B55FFE6A24BB60FF0010752D /* AppDelegate.swift */ = {isa = PBXFileReference; lastKnownFileType = sourcecode.swift; path = AppDelegate.swift; sourceTree = "<group>"; };
		B55FFE6C24BB60FF0010752D /* SceneDelegate.swift */ = {isa = PBXFileReference; lastKnownFileType = sourcecode.swift; path = SceneDelegate.swift; sourceTree = "<group>"; };
		B55FFE6F24BB60FF0010752D /* ToDo.xcdatamodel */ = {isa = PBXFileReference; lastKnownFileType = wrapper.xcdatamodel; path = ToDo.xcdatamodel; sourceTree = "<group>"; };
		B55FFE7124BB60FF0010752D /* ContentView.swift */ = {isa = PBXFileReference; lastKnownFileType = sourcecode.swift; path = ContentView.swift; sourceTree = "<group>"; };
		B55FFE7324BB61020010752D /* Assets.xcassets */ = {isa = PBXFileReference; lastKnownFileType = folder.assetcatalog; path = Assets.xcassets; sourceTree = "<group>"; };
		B55FFE7624BB61020010752D /* Preview Assets.xcassets */ = {isa = PBXFileReference; lastKnownFileType = folder.assetcatalog; path = "Preview Assets.xcassets"; sourceTree = "<group>"; };
		B55FFE7924BB61020010752D /* Base */ = {isa = PBXFileReference; lastKnownFileType = file.storyboard; name = Base; path = Base.lproj/LaunchScreen.storyboard; sourceTree = "<group>"; };
		B55FFE7B24BB61020010752D /* Info.plist */ = {isa = PBXFileReference; lastKnownFileType = text.plist.xml; path = Info.plist; sourceTree = "<group>"; };
		B55FFE8124BB647F0010752D /* GoogleService-Info.plist */ = {isa = PBXFileReference; fileEncoding = 4; lastKnownFileType = text.plist.xml; path = "GoogleService-Info.plist"; sourceTree = "<group>"; };
		B5955B8724BB6F03007F0F7C /* Task.swift */ = {isa = PBXFileReference; lastKnownFileType = sourcecode.swift; path = Task.swift; sourceTree = "<group>"; };
		B5955B8924BB7046007F0F7C /* TaskViewModel.swift */ = {isa = PBXFileReference; lastKnownFileType = sourcecode.swift; path = TaskViewModel.swift; sourceTree = "<group>"; };
		E97C78A291FD2D51FCB9ED1E /* Pods-ToDo.debug.xcconfig */ = {isa = PBXFileReference; includeInIndex = 1; lastKnownFileType = text.xcconfig; name = "Pods-ToDo.debug.xcconfig"; path = "Target Support Files/Pods-ToDo/Pods-ToDo.debug.xcconfig"; sourceTree = "<group>"; };
/* End PBXFileReference section */

/* Begin PBXFrameworksBuildPhase section */
		B55FFE6424BB60FF0010752D /* Frameworks */ = {
			isa = PBXFrameworksBuildPhase;
			buildActionMask = 2147483647;
			files = (
				D472EB42E6DA806970245063 /* Pods_ToDo.framework in Frameworks */,
			);
			runOnlyForDeploymentPostprocessing = 0;
		};
/* End PBXFrameworksBuildPhase section */

/* Begin PBXGroup section */
		5C8E91B0672C090BA666824C /* Frameworks */ = {
			isa = PBXGroup;
			children = (
				270414C56098FC3AF4F8D5E7 /* Pods_ToDo.framework */,
			);
			name = Frameworks;
			sourceTree = "<group>";
		};
		A81C891510DF29CE76AD0301 /* Pods */ = {
			isa = PBXGroup;
			children = (
				E97C78A291FD2D51FCB9ED1E /* Pods-ToDo.debug.xcconfig */,
				106F2C2B7015D625848959F1 /* Pods-ToDo.release.xcconfig */,
			);
			path = Pods;
			sourceTree = "<group>";
		};
		B55FFE5E24BB60FF0010752D = {
			isa = PBXGroup;
			children = (
				B55FFE6924BB60FF0010752D /* ToDo */,
				B55FFE6824BB60FF0010752D /* Products */,
				A81C891510DF29CE76AD0301 /* Pods */,
				5C8E91B0672C090BA666824C /* Frameworks */,
			);
			sourceTree = "<group>";
		};
		B55FFE6824BB60FF0010752D /* Products */ = {
			isa = PBXGroup;
			children = (
				B55FFE6724BB60FF0010752D /* ToDo.app */,
			);
			name = Products;
			sourceTree = "<group>";
		};
		B55FFE6924BB60FF0010752D /* ToDo */ = {
			isa = PBXGroup;
			children = (
				B55FFE8124BB647F0010752D /* GoogleService-Info.plist */,
				B55FFE6A24BB60FF0010752D /* AppDelegate.swift */,
				B55FFE6C24BB60FF0010752D /* SceneDelegate.swift */,
				B55FFE7124BB60FF0010752D /* ContentView.swift */,
				B55FFE7324BB61020010752D /* Assets.xcassets */,
				B55FFE7824BB61020010752D /* LaunchScreen.storyboard */,
				B55FFE7B24BB61020010752D /* Info.plist */,
				B55FFE6E24BB60FF0010752D /* ToDo.xcdatamodeld */,
				B55FFE7524BB61020010752D /* Preview Content */,
				B5955B8724BB6F03007F0F7C /* Task.swift */,
				B5955B8924BB7046007F0F7C /* TaskViewModel.swift */,
			);
			path = ToDo;
			sourceTree = "<group>";
		};
		B55FFE7524BB61020010752D /* Preview Content */ = {
			isa = PBXGroup;
			children = (
				B55FFE7624BB61020010752D /* Preview Assets.xcassets */,
			);
			path = "Preview Content";
			sourceTree = "<group>";
		};
/* End PBXGroup section */

/* Begin PBXNativeTarget section */
		B55FFE6624BB60FF0010752D /* ToDo */ = {
			isa = PBXNativeTarget;
			buildConfigurationList = B55FFE7E24BB61020010752D /* Build configuration list for PBXNativeTarget "ToDo" */;
			buildPhases = (
				7C97D2514D230B0B846C0812 /* [CP] Check Pods Manifest.lock */,
				B55FFE6324BB60FF0010752D /* Sources */,
				B55FFE6424BB60FF0010752D /* Frameworks */,
				B55FFE6524BB60FF0010752D /* Resources */,
				D263765356677756FB8F3E84 /* [CP] Embed Pods Frameworks */,
			);
			buildRules = (
			);
			dependencies = (
			);
			name = ToDo;
			productName = ToDo;
			productReference = B55FFE6724BB60FF0010752D /* ToDo.app */;
			productType = "com.apple.product-type.application";
		};
/* End PBXNativeTarget section */

/* Begin PBXProject section */
		B55FFE5F24BB60FF0010752D /* Project object */ = {
			isa = PBXProject;
			attributes = {
				LastSwiftUpdateCheck = 1150;
				LastUpgradeCheck = 1150;
				ORGANIZATIONNAME = Cibertec;
				TargetAttributes = {
					B55FFE6624BB60FF0010752D = {
						CreatedOnToolsVersion = 11.5;
					};
				};
			};
			buildConfigurationList = B55FFE6224BB60FF0010752D /* Build configuration list for PBXProject "ToDo" */;
			compatibilityVersion = "Xcode 9.3";
			developmentRegion = en;
			hasScannedForEncodings = 0;
			knownRegions = (
				en,
				Base,
			);
			mainGroup = B55FFE5E24BB60FF0010752D;
			productRefGroup = B55FFE6824BB60FF0010752D /* Products */;
			projectDirPath = "";
			projectRoot = "";
			targets = (
				B55FFE6624BB60FF0010752D /* ToDo */,
			);
		};
/* End PBXProject section */

/* Begin PBXResourcesBuildPhase section */
		B55FFE6524BB60FF0010752D /* Resources */ = {
			isa = PBXResourcesBuildPhase;
			buildActionMask = 2147483647;
			files = (
				B55FFE7A24BB61020010752D /* LaunchScreen.storyboard in Resources */,
				B55FFE8224BB647F0010752D /* GoogleService-Info.plist in Resources */,
				B55FFE7724BB61020010752D /* Preview Assets.xcassets in Resources */,
				B55FFE7424BB61020010752D /* Assets.xcassets in Resources */,
			);
			runOnlyForDeploymentPostprocessing = 0;
		};
/* End PBXResourcesBuildPhase section */

/* Begin PBXShellScriptBuildPhase section */
		7C97D2514D230B0B846C0812 /* [CP] Check Pods Manifest.lock */ = {
			isa = PBXShellScriptBuildPhase;
			buildActionMask = 2147483647;
			files = (
			);
			inputFileListPaths = (
			);
			inputPaths = (
				"${PODS_PODFILE_DIR_PATH}/Podfile.lock",
				"${PODS_ROOT}/Manifest.lock",
			);
			name = "[CP] Check Pods Manifest.lock";
			outputFileListPaths = (
			);
			outputPaths = (
				"$(DERIVED_FILE_DIR)/Pods-ToDo-checkManifestLockResult.txt",
			);
			runOnlyForDeploymentPostprocessing = 0;
			shellPath = /bin/sh;
			shellScript = "diff \"${PODS_PODFILE_DIR_PATH}/Podfile.lock\" \"${PODS_ROOT}/Manifest.lock\" > /dev/null\nif [ $? != 0 ] ; then\n    # print error to STDERR\n    echo \"error: The sandbox is not in sync with the Podfile.lock. Run 'pod install' or update your CocoaPods installation.\" >&2\n    exit 1\nfi\n# This output is used by Xcode 'outputs' to avoid re-running this script phase.\necho \"SUCCESS\" > \"${SCRIPT_OUTPUT_FILE_0}\"\n";
			showEnvVarsInLog = 0;
		};
		D263765356677756FB8F3E84 /* [CP] Embed Pods Frameworks */ = {
			isa = PBXShellScriptBuildPhase;
			buildActionMask = 2147483647;
			files = (
			);
			inputFileListPaths = (
				"${PODS_ROOT}/Target Support Files/Pods-ToDo/Pods-ToDo-frameworks-${CONFIGURATION}-input-files.xcfilelist",
			);
			name = "[CP] Embed Pods Frameworks";
			outputFileListPaths = (
				"${PODS_ROOT}/Target Support Files/Pods-ToDo/Pods-ToDo-frameworks-${CONFIGURATION}-output-files.xcfilelist",
			);
			runOnlyForDeploymentPostprocessing = 0;
			shellPath = /bin/sh;
			shellScript = "\"${PODS_ROOT}/Target Support Files/Pods-ToDo/Pods-ToDo-frameworks.sh\"\n";
			showEnvVarsInLog = 0;
		};
/* End PBXShellScriptBuildPhase section */

/* Begin PBXSourcesBuildPhase section */
		B55FFE6324BB60FF0010752D /* Sources */ = {
			isa = PBXSourcesBuildPhase;
			buildActionMask = 2147483647;
			files = (
				B55FFE6B24BB60FF0010752D /* AppDelegate.swift in Sources */,
				B5955B8A24BB7046007F0F7C /* TaskViewModel.swift in Sources */,
				B55FFE7024BB60FF0010752D /* ToDo.xcdatamodeld in Sources */,
				B5955B8824BB6F03007F0F7C /* Task.swift in Sources */,
				B55FFE7224BB60FF0010752D /* ContentView.swift in Sources */,
				B55FFE6D24BB60FF0010752D /* SceneDelegate.swift in Sources */,
			);
			runOnlyForDeploymentPostprocessing = 0;
		};
/* End PBXSourcesBuildPhase section */

/* Begin PBXVariantGroup section */
		B55FFE7824BB61020010752D /* LaunchScreen.storyboard */ = {
			isa = PBXVariantGroup;
			children = (
				B55FFE7924BB61020010752D /* Base */,
			);
			name = LaunchScreen.storyboard;
			sourceTree = "<group>";
		};
/* End PBXVariantGroup section */

/* Begin XCBuildConfiguration section */
		B55FFE7C24BB61020010752D /* Debug */ = {
			isa = XCBuildConfiguration;
			buildSettings = {
				ALWAYS_SEARCH_USER_PATHS = NO;
				CLANG_ANALYZER_NONNULL = YES;
				CLANG_ANALYZER_NUMBER_OBJECT_CONVERSION = YES_AGGRESSIVE;
				CLANG_CXX_LANGUAGE_STANDARD = "gnu++14";
				CLANG_CXX_LIBRARY = "libc++";
				CLANG_ENABLE_MODULES = YES;
				CLANG_ENABLE_OBJC_ARC = YES;
				CLANG_ENABLE_OBJC_WEAK = YES;
				CLANG_WARN_BLOCK_CAPTURE_AUTORELEASING = YES;
				CLANG_WARN_BOOL_CONVERSION = YES;
				CLANG_WARN_COMMA = YES;
				CLANG_WARN_CONSTANT_CONVERSION = YES;
				CLANG_WARN_DEPRECATED_OBJC_IMPLEMENTATIONS = YES;
				CLANG_WARN_DIRECT_OBJC_ISA_USAGE = YES_ERROR;
				CLANG_WARN_DOCUMENTATION_COMMENTS = YES;
				CLANG_WARN_EMPTY_BODY = YES;
				CLANG_WARN_ENUM_CONVERSION = YES;
				CLANG_WARN_INFINITE_RECURSION = YES;
				CLANG_WARN_INT_CONVERSION = YES;
				CLANG_WARN_NON_LITERAL_NULL_CONVERSION = YES;
				CLANG_WARN_OBJC_IMPLICIT_RETAIN_SELF = YES;
				CLANG_WARN_OBJC_LITERAL_CONVERSION = YES;
				CLANG_WARN_OBJC_ROOT_CLASS = YES_ERROR;
				CLANG_WARN_RANGE_LOOP_ANALYSIS = YES;
				CLANG_WARN_STRICT_PROTOTYPES = YES;
				CLANG_WARN_SUSPICIOUS_MOVE = YES;
				CLANG_WARN_UNGUARDED_AVAILABILITY = YES_AGGRESSIVE;
				CLANG_WARN_UNREACHABLE_CODE = YES;
				CLANG_WARN__DUPLICATE_METHOD_MATCH = YES;
				COPY_PHASE_STRIP = NO;
				DEBUG_INFORMATION_FORMAT = dwarf;
				ENABLE_STRICT_OBJC_MSGSEND = YES;
				ENABLE_TESTABILITY = YES;
				GCC_C_LANGUAGE_STANDARD = gnu11;
				GCC_DYNAMIC_NO_PIC = NO;
				GCC_NO_COMMON_BLOCKS = YES;
				GCC_OPTIMIZATION_LEVEL = 0;
				GCC_PREPROCESSOR_DEFINITIONS = (
					"DEBUG=1",
					"$(inherited)",
				);
				GCC_WARN_64_TO_32_BIT_CONVERSION = YES;
				GCC_WARN_ABOUT_RETURN_TYPE = YES_ERROR;
				GCC_WARN_UNDECLARED_SELECTOR = YES;
				GCC_WARN_UNINITIALIZED_AUTOS = YES_AGGRESSIVE;
				GCC_WARN_UNUSED_FUNCTION = YES;
				GCC_WARN_UNUSED_VARIABLE = YES;
				IPHONEOS_DEPLOYMENT_TARGET = 13.5;
				MTL_ENABLE_DEBUG_INFO = INCLUDE_SOURCE;
				MTL_FAST_MATH = YES;
				ONLY_ACTIVE_ARCH = YES;
				SDKROOT = iphoneos;
				SWIFT_ACTIVE_COMPILATION_CONDITIONS = DEBUG;
				SWIFT_OPTIMIZATION_LEVEL = "-Onone";
			};
			name = Debug;
		};
		B55FFE7D24BB61020010752D /* Release */ = {
			isa = XCBuildConfiguration;
			buildSettings = {
				ALWAYS_SEARCH_USER_PATHS = NO;
				CLANG_ANALYZER_NONNULL = YES;
				CLANG_ANALYZER_NUMBER_OBJECT_CONVERSION = YES_AGGRESSIVE;
				CLANG_CXX_LANGUAGE_STANDARD = "gnu++14";
				CLANG_CXX_LIBRARY = "libc++";
				CLANG_ENABLE_MODULES = YES;
				CLANG_ENABLE_OBJC_ARC = YES;
				CLANG_ENABLE_OBJC_WEAK = YES;
				CLANG_WARN_BLOCK_CAPTURE_AUTORELEASING = YES;
				CLANG_WARN_BOOL_CONVERSION = YES;
				CLANG_WARN_COMMA = YES;
				CLANG_WARN_CONSTANT_CONVERSION = YES;
				CLANG_WARN_DEPRECATED_OBJC_IMPLEMENTATIONS = YES;
				CLANG_WARN_DIRECT_OBJC_ISA_USAGE = YES_ERROR;
				CLANG_WARN_DOCUMENTATION_COMMENTS = YES;
				CLANG_WARN_EMPTY_BODY = YES;
				CLANG_WARN_ENUM_CONVERSION = YES;
				CLANG_WARN_INFINITE_RECURSION = YES;
				CLANG_WARN_INT_CONVERSION = YES;
				CLANG_WARN_NON_LITERAL_NULL_CONVERSION = YES;
				CLANG_WARN_OBJC_IMPLICIT_RETAIN_SELF = YES;
				CLANG_WARN_OBJC_LITERAL_CONVERSION = YES;
				CLANG_WARN_OBJC_ROOT_CLASS = YES_ERROR;
				CLANG_WARN_RANGE_LOOP_ANALYSIS = YES;
				CLANG_WARN_STRICT_PROTOTYPES = YES;
				CLANG_WARN_SUSPICIOUS_MOVE = YES;
				CLANG_WARN_UNGUARDED_AVAILABILITY = YES_AGGRESSIVE;
				CLANG_WARN_UNREACHABLE_CODE = YES;
				CLANG_WARN__DUPLICATE_METHOD_MATCH = YES;
				COPY_PHASE_STRIP = NO;
				DEBUG_INFORMATION_FORMAT = "dwarf-with-dsym";
				ENABLE_NS_ASSERTIONS = NO;
				ENABLE_STRICT_OBJC_MSGSEND = YES;
				GCC_C_LANGUAGE_STANDARD = gnu11;
				GCC_NO_COMMON_BLOCKS = YES;
				GCC_WARN_64_TO_32_BIT_CONVERSION = YES;
				GCC_WARN_ABOUT_RETURN_TYPE = YES_ERROR;
				GCC_WARN_UNDECLARED_SELECTOR = YES;
				GCC_WARN_UNINITIALIZED_AUTOS = YES_AGGRESSIVE;
				GCC_WARN_UNUSED_FUNCTION = YES;
				GCC_WARN_UNUSED_VARIABLE = YES;
				IPHONEOS_DEPLOYMENT_TARGET = 13.5;
				MTL_ENABLE_DEBUG_INFO = NO;
				MTL_FAST_MATH = YES;
				SDKROOT = iphoneos;
				SWIFT_COMPILATION_MODE = wholemodule;
				SWIFT_OPTIMIZATION_LEVEL = "-O";
				VALIDATE_PRODUCT = YES;
			};
			name = Release;
		};
		B55FFE7F24BB61020010752D /* Debug */ = {
			isa = XCBuildConfiguration;
			baseConfigurationReference = E97C78A291FD2D51FCB9ED1E /* Pods-ToDo.debug.xcconfig */;
			buildSettings = {
				ASSETCATALOG_COMPILER_APPICON_NAME = AppIcon;
				CODE_SIGN_STYLE = Automatic;
				DEVELOPMENT_ASSET_PATHS = "\"ToDo/Preview Content\"";
				ENABLE_PREVIEWS = YES;
				INFOPLIST_FILE = ToDo/Info.plist;
				LD_RUNPATH_SEARCH_PATHS = (
					"$(inherited)",
					"@executable_path/Frameworks",
				);
				PRODUCT_BUNDLE_IDENTIFIER = pe.edu.cibertec.ToDo;
				PRODUCT_NAME = "$(TARGET_NAME)";
				SWIFT_VERSION = 5.0;
				TARGETED_DEVICE_FAMILY = "1,2";
			};
			name = Debug;
		};
		B55FFE8024BB61020010752D /* Release */ = {
			isa = XCBuildConfiguration;
			baseConfigurationReference = 106F2C2B7015D625848959F1 /* Pods-ToDo.release.xcconfig */;
			buildSettings = {
				ASSETCATALOG_COMPILER_APPICON_NAME = AppIcon;
				CODE_SIGN_STYLE = Automatic;
				DEVELOPMENT_ASSET_PATHS = "\"ToDo/Preview Content\"";
				ENABLE_PREVIEWS = YES;
				INFOPLIST_FILE = ToDo/Info.plist;
				LD_RUNPATH_SEARCH_PATHS = (
					"$(inherited)",
					"@executable_path/Frameworks",
				);
				PRODUCT_BUNDLE_IDENTIFIER = pe.edu.cibertec.ToDo;
				PRODUCT_NAME = "$(TARGET_NAME)";
				SWIFT_VERSION = 5.0;
				TARGETED_DEVICE_FAMILY = "1,2";
			};
			name = Release;
		};
/* End XCBuildConfiguration section */

/* Begin XCConfigurationList section */
		B55FFE6224BB60FF0010752D /* Build configuration list for PBXProject "ToDo" */ = {
			isa = XCConfigurationList;
			buildConfigurations = (
				B55FFE7C24BB61020010752D /* Debug */,
				B55FFE7D24BB61020010752D /* Release */,
			);
			defaultConfigurationIsVisible = 0;
			defaultConfigurationName = Release;
		};
		B55FFE7E24BB61020010752D /* Build configuration list for PBXNativeTarget "ToDo" */ = {
			isa = XCConfigurationList;
			buildConfigurations = (
				B55FFE7F24BB61020010752D /* Debug */,
				B55FFE8024BB61020010752D /* Release */,
			);
			defaultConfigurationIsVisible = 0;
			defaultConfigurationName = Release;
		};
/* End XCConfigurationList section */

/* Begin XCVersionGroup section */
		B55FFE6E24BB60FF0010752D /* ToDo.xcdatamodeld */ = {
			isa = XCVersionGroup;
			children = (
				B55FFE6F24BB60FF0010752D /* ToDo.xcdatamodel */,
			);
			currentVersion = B55FFE6F24BB60FF0010752D /* ToDo.xcdatamodel */;
			path = ToDo.xcdatamodeld;
			sourceTree = "<group>";
			versionGroupType = wrapper.xcdatamodel;
		};
/* End XCVersionGroup section */
	};
	rootObject = B55FFE5F24BB60FF0010752D /* Project object */;
}
